
Microsoft Visual Studio Solution File, Format Version 12.00
Project("{2150E333-8FDC-42A3-9474-1A3956D46DE8}") = "src", "src", "{3A9E5B84-5365-4751-B717-9E3F661A7A46}"
EndProject
Project("{2150E333-8FDC-42A3-9474-1A3956D46DE8}") = "api-service", "api-service", "{67E8BBC8-D1BC-4A55-B09F-6059AA4DEC7E}"
EndProject
Project("{2150E333-8FDC-42A3-9474-1A3956D46DE8}") = "Core", "Core", "{692B8865-9B92-47C7-A83B-4917D5E0541D}"
EndProject
Project("{2150E333-8FDC-42A3-9474-1A3956D46DE8}") = "Adapters", "Adapters", "{5C88D15B-7C59-4374-961B-2C40EC422CF6}"
EndProject
Project("{FAE04EC0-301F-11D3-BF4B-00C04F79EFBC}") = "Domain", "src\api-service\Core\Domain\Domain.csproj", "{92630EF2-5D66-403E-8E39-E44D0E488CED}"
EndProject
Project("{FAE04EC0-301F-11D3-BF4B-00C04F79EFBC}") = "Application", "src\api-service\Core\Application\Application.csproj", "{DDF7FBCA-B7A3-4B57-BBDD-1318D05AA23A}"
EndProject
Project("{2150E333-8FDC-42A3-9474-1A3956D46DE8}") = "Primary", "Primary", "{B9B4BB2E-E5DA-4E77-99F5-C2740B0F9026}"
EndProject
Project("{2150E333-8FDC-42A3-9474-1A3956D46DE8}") = "Secondary", "Secondary", "{4253BFCA-4AB4-493D-A7D6-7BDECA2CACF8}"
EndProject
Project("{FAE04EC0-301F-11D3-BF4B-00C04F79EFBC}") = "StartRiderApi", "src\api-service\Adapters\Primary\StartRiderApi\StartRiderApi.csproj", "{CECFCB06-75DF-4F7B-AD06-14B944E579CE}"
EndProject
Project("{2150E333-8FDC-42A3-9474-1A3956D46DE8}") = "Infra", "Infra", "{7FD2F78A-DCF2-4E79-963D-6C10341297E8}"
EndProject
Project("{FAE04EC0-301F-11D3-BF4B-00C04F79EFBC}") = "DataMySql", "src\api-service\Adapters\Secondary\Infra\DataMySql\DataMySql.csproj", "{529090A3-1083-4241-9CDD-D0E0AE237875}"
EndProject
Project("{FAE04EC0-301F-11D3-BF4B-00C04F79EFBC}") = "RabbitMqPublishService", "src\api-service\Adapters\Secondary\Infra\RabbitMqPublishService\RabbitMqPublishService.csproj", "{2AA336F1-501E-45CA-8A2A-2718E28E8548}"
EndProject
Project("{FAE04EC0-301F-11D3-BF4B-00C04F79EFBC}") = "RabbitMqConsumerService", "src\api-service\Adapters\Secondary\Infra\RabbitMqConsumerService\RabbitMqConsumerService.csproj", "{A4817804-B2D3-4DF1-8850-7FB1FB074554}"
EndProject
Project("{FAE04EC0-301F-11D3-BF4B-00C04F79EFBC}") = "LoggerService", "src\api-service\Adapters\Secondary\Infra\LoggerService\LoggerService.csproj", "{42726631-BA03-40EB-8F48-FC94F0813847}"
EndProject
Global
	GlobalSection(SolutionConfigurationPlatforms) = preSolution
		Debug|Any CPU = Debug|Any CPU
		Release|Any CPU = Release|Any CPU
	EndGlobalSection
	GlobalSection(NestedProjects) = preSolution
		{67E8BBC8-D1BC-4A55-B09F-6059AA4DEC7E} = {3A9E5B84-5365-4751-B717-9E3F661A7A46}
		{692B8865-9B92-47C7-A83B-4917D5E0541D} = {67E8BBC8-D1BC-4A55-B09F-6059AA4DEC7E}
		{5C88D15B-7C59-4374-961B-2C40EC422CF6} = {67E8BBC8-D1BC-4A55-B09F-6059AA4DEC7E}
		{92630EF2-5D66-403E-8E39-E44D0E488CED} = {692B8865-9B92-47C7-A83B-4917D5E0541D}
		{DDF7FBCA-B7A3-4B57-BBDD-1318D05AA23A} = {692B8865-9B92-47C7-A83B-4917D5E0541D}
		{B9B4BB2E-E5DA-4E77-99F5-C2740B0F9026} = {5C88D15B-7C59-4374-961B-2C40EC422CF6}
		{4253BFCA-4AB4-493D-A7D6-7BDECA2CACF8} = {5C88D15B-7C59-4374-961B-2C40EC422CF6}
		{CECFCB06-75DF-4F7B-AD06-14B944E579CE} = {B9B4BB2E-E5DA-4E77-99F5-C2740B0F9026}
		{7FD2F78A-DCF2-4E79-963D-6C10341297E8} = {4253BFCA-4AB4-493D-A7D6-7BDECA2CACF8}
		{529090A3-1083-4241-9CDD-D0E0AE237875} = {7FD2F78A-DCF2-4E79-963D-6C10341297E8}
		{2AA336F1-501E-45CA-8A2A-2718E28E8548} = {7FD2F78A-DCF2-4E79-963D-6C10341297E8}
		{A4817804-B2D3-4DF1-8850-7FB1FB074554} = {7FD2F78A-DCF2-4E79-963D-6C10341297E8}
		{42726631-BA03-40EB-8F48-FC94F0813847} = {7FD2F78A-DCF2-4E79-963D-6C10341297E8}
	EndGlobalSection
	GlobalSection(ProjectConfigurationPlatforms) = postSolution
		{92630EF2-5D66-403E-8E39-E44D0E488CED}.Debug|Any CPU.ActiveCfg = Debug|Any CPU
		{92630EF2-5D66-403E-8E39-E44D0E488CED}.Debug|Any CPU.Build.0 = Debug|Any CPU
		{92630EF2-5D66-403E-8E39-E44D0E488CED}.Release|Any CPU.ActiveCfg = Release|Any CPU
		{92630EF2-5D66-403E-8E39-E44D0E488CED}.Release|Any CPU.Build.0 = Release|Any CPU
		{DDF7FBCA-B7A3-4B57-BBDD-1318D05AA23A}.Debug|Any CPU.ActiveCfg = Debug|Any CPU
		{DDF7FBCA-B7A3-4B57-BBDD-1318D05AA23A}.Debug|Any CPU.Build.0 = Debug|Any CPU
		{DDF7FBCA-B7A3-4B57-BBDD-1318D05AA23A}.Release|Any CPU.ActiveCfg = Release|Any CPU
		{DDF7FBCA-B7A3-4B57-BBDD-1318D05AA23A}.Release|Any CPU.Build.0 = Release|Any CPU
		{CECFCB06-75DF-4F7B-AD06-14B944E579CE}.Debug|Any CPU.ActiveCfg = Debug|Any CPU
		{CECFCB06-75DF-4F7B-AD06-14B944E579CE}.Debug|Any CPU.Build.0 = Debug|Any CPU
		{CECFCB06-75DF-4F7B-AD06-14B944E579CE}.Release|Any CPU.ActiveCfg = Release|Any CPU
		{CECFCB06-75DF-4F7B-AD06-14B944E579CE}.Release|Any CPU.Build.0 = Release|Any CPU
		{529090A3-1083-4241-9CDD-D0E0AE237875}.Debug|Any CPU.ActiveCfg = Debug|Any CPU
		{529090A3-1083-4241-9CDD-D0E0AE237875}.Debug|Any CPU.Build.0 = Debug|Any CPU
		{529090A3-1083-4241-9CDD-D0E0AE237875}.Release|Any CPU.ActiveCfg = Release|Any CPU
		{529090A3-1083-4241-9CDD-D0E0AE237875}.Release|Any CPU.Build.0 = Release|Any CPU
		{2AA336F1-501E-45CA-8A2A-2718E28E8548}.Debug|Any CPU.ActiveCfg = Debug|Any CPU
		{2AA336F1-501E-45CA-8A2A-2718E28E8548}.Debug|Any CPU.Build.0 = Debug|Any CPU
		{2AA336F1-501E-45CA-8A2A-2718E28E8548}.Release|Any CPU.ActiveCfg = Release|Any CPU
		{2AA336F1-501E-45CA-8A2A-2718E28E8548}.Release|Any CPU.Build.0 = Release|Any CPU
		{A4817804-B2D3-4DF1-8850-7FB1FB074554}.Debug|Any CPU.ActiveCfg = Debug|Any CPU
		{A4817804-B2D3-4DF1-8850-7FB1FB074554}.Debug|Any CPU.Build.0 = Debug|Any CPU
		{A4817804-B2D3-4DF1-8850-7FB1FB074554}.Release|Any CPU.ActiveCfg = Release|Any CPU
		{A4817804-B2D3-4DF1-8850-7FB1FB074554}.Release|Any CPU.Build.0 = Release|Any CPU
		{42726631-BA03-40EB-8F48-FC94F0813847}.Debug|Any CPU.ActiveCfg = Debug|Any CPU
		{42726631-BA03-40EB-8F48-FC94F0813847}.Debug|Any CPU.Build.0 = Debug|Any CPU
		{42726631-BA03-40EB-8F48-FC94F0813847}.Release|Any CPU.ActiveCfg = Release|Any CPU
		{42726631-BA03-40EB-8F48-FC94F0813847}.Release|Any CPU.Build.0 = Release|Any CPU
	EndGlobalSection
EndGlobal
